// !$*UTF8*$!
{
	archiveVersion = 1;
	classes = {
	};
	objectVersion = 46;
	objects = {

/* Begin PBXBuildFile section */
		1AAAD5CB1C8EA4A4001FDD1C /* main.cpp in Sources */ = {isa = PBXBuildFile; fileRef = 1AAAD5CA1C8EA4A4001FDD1C /* main.cpp */; };
/* End PBXBuildFile section */

/* Begin PBXCopyFilesBuildPhase section */
		1AAAD5C51C8EA4A4001FDD1C /* CopyFiles */ = {
			isa = PBXCopyFilesBuildPhase;
			buildActionMask = 2147483647;
			dstPath = /usr/share/man/man1/;
			dstSubfolderSpec = 0;
			files = (
			);
			runOnlyForDeploymentPostprocessing = 1;
		};
/* End PBXCopyFilesBuildPhase section */

/* Begin PBXFileReference section */
		1AAAD5C71C8EA4A4001FDD1C /* Property Tax1 */ = {isa = PBXFileReference; explicitFileType = "compiled.mach-o.executable"; includeInIndex = 0; path = "Property Tax1"; sourceTree = BUILT_PRODUCTS_DIR; };
		1AAAD5CA1C8EA4A4001FDD1C /* main.cpp */ = {isa = PBXFileReference; lastKnownFileType = sourcecode.cpp.cpp; path = main.cpp; sourceTree = "<group>"; };
/* End PBXFileReference section */

/* Begin PBXFrameworksBuildPhase section */
		1AAAD5C41C8EA4A4001FDD1C /* Frameworks */ = {
			isa = PBXFrameworksBuildPhase;
			buildActionMask = 2147483647;
			files = (
			);
			runOnlyForDeploymentPostprocessing = 0;
		};
/* End PBXFrameworksBuildPhase section */

/* Begin PBXGroup section */
		1AAAD5BE1C8EA4A4001FDD1C = {
			isa = PBXGroup;
			children = (
				1AAAD5C91C8EA4A4001FDD1C /* Property Tax1 */,
				1AAAD5C81C8EA4A4001FDD1C /* Products */,
			);
			sourceTree = "<group>";
		};
		1AAAD5C81C8EA4A4001FDD1C /* Products */ = {
			isa = PBXGroup;
			children = (
				1AAAD5C71C8EA4A4001FDD1C /* Property Tax1 */,
			);
			name = Products;
			sourceTree = "<group>";
		};
		1AAAD5C91C8EA4A4001FDD1C /* Property Tax1 */ = {
			isa = PBXGroup;
			children = (
				1AAAD5CA1C8EA4A4001FDD1C /* main.cpp */,
			);
			path = "Property Tax1";
			sourceTree = "<group>";
		};
/* End PBXGroup section */

/* Begin PBXNativeTarget section */
		1AAAD5C61C8EA4A4001FDD1C /* Property Tax1 */ = {
			isa = PBXNativeTarget;
			buildConfigurationList = 1AAAD5CE1C8EA4A4001FDD1C /* Build configuration list for PBXNativeTarget "Property Tax1" */;
			buildPhases = (
				1AAAD5C31C8EA4A4001FDD1C /* Sources */,
				1AAAD5C41C8EA4A4001FDD1C /* Frameworks */,
				1AAAD5C51C8EA4A4001FDD1C /* CopyFiles */,
			);
			buildRules = (
			);
			dependencies = (
			);
			name = "Property Tax1";
			productName = "Property Tax1";
			productReference = 1AAAD5C71C8EA4A4001FDD1C /* Property Tax1 */;
			productType = "com.apple.product-type.tool";
		};
/* End PBXNativeTarget section */

/* Begin PBXProject section */
		1AAAD5BF1C8EA4A4001FDD1C /* Project object */ = {
			isa = PBXProject;
			attributes = {
				LastUpgradeCheck = 0730;
				ORGANIZATIONNAME = "Marissa Alvarez";
				TargetAttributes = {
					1AAAD5C61C8EA4A4001FDD1C = {
						CreatedOnToolsVersion = 7.3;
					};
				};
			};
			buildConfigurationList = 1AAAD5C21C8EA4A4001FDD1C /* Build configuration list for PBXProject "Property Tax1" */;
			compatibilityVersion = "Xcode 3.2";
			developmentRegion = English;
			hasScannedForEncodings = 0;
			knownRegions = (
				en,
			);
			mainGroup = 1AAAD5BE1C8EA4A4001FDD1C;
			productRefGroup = 1AAAD5C81C8EA4A4001FDD1C /* Products */;
			projectDirPath = "";
			projectRoot = "";
			targets = (
				1AAAD5C61C8EA4A4001FDD1C /* Property Tax1 */,
			);
		};
/* End PBXProject section */

/* Begin PBXSourcesBuildPhase section */
		1AAAD5C31C8EA4A4001FDD1C /* Sources */ = {
			isa = PBXSourcesBuildPhase;
			buildActionMask = 2147483647;
			files = (
				1AAAD5CB1C8EA4A4001FDD1C /* main.cpp in Sources */,
			);
			runOnlyForDeploymentPostprocessing = 0;
		};
/* End PBXSourcesBuildPhase section */

/* Begin XCBuildConfiguration section */
		1AAAD5CC1C8EA4A4001FDD1C /* Debug */ = {
			isa = XCBuildConfiguration;
			buildSettings = {
				ALWAYS_SEARCH_USER_PATHS = NO;
				CLANG_CXX_LANGUAGE_STANDARD = "gnu++0x";
				CLANG_CXX_LIBRARY = "libc++";
				CLANG_ENABLE_MODULES = YES;
				CLANG_ENABLE_OBJC_ARC = YES;
				CLANG_WARN_BOOL_CONVERSION = YES;
				CLANG_WARN_CONSTANT_CONVERSION = YES;
				CLANG_WARN_DIRECT_OBJC_ISA_USAGE = YES_ERROR;
				CLANG_WARN_EMPTY_BODY = YES;
				CLANG_WARN_ENUM_CONVERSION = YES;
				CLANG_WARN_INT_CONVERSION = YES;
				CLANG_WARN_OBJC_ROOT_CLASS = YES_ERROR;
				CLANG_WARN_UNREACHABLE_CODE = YES;
				CLANG_WARN__DUPLICATE_METHOD_MATCH = YES;
				CODE_SIGN_IDENTITY = "-";
				COPY_PHASE_STRIP = NO;
				DEBUG_INFORMATION_FORMAT = dwarf;
				ENABLE_STRICT_OBJC_MSGSEND = YES;
				ENABLE_TESTABILITY = YES;
				GCC_C_LANGUAGE_STANDARD = gnu99;
				GCC_DYNAMIC_NO_PIC = NO;
				GCC_NO_COMMON_BLOCKS = YES;
				GCC_OPTIMIZATION_LEVEL = 0;
				GCC_PREPROCESSOR_DEFINITIONS = (
					"DEBUG=1",
					"$(inherited)",
				);
				GCC_WARN_64_TO_32_BIT_CONVERSION = YES;
				GCC_WARN_ABOUT_RETURN_TYPE = YES_ERROR;
				GCC_WARN_UNDECLARED_SELECTOR = YES;
				GCC_WARN_UNINITIALIZED_AUTOS = YES_AGGRESSIVE;
				GCC_WARN_UNUSED_FUNCTION = YES;
				GCC_WARN_UNUSED_VARIABLE = YES;
				MACOSX_DEPLOYMENT_TARGET = 10.11;
				MTL_ENABLE_DEBUG_INFO = YES;
				ONLY_ACTIVE_ARCH = YES;
				SDKROOT = macosx;
			};
			name = Debug;
		};
		1AAAD5CD1C8EA4A4001FDD1C /* Release */ = {
			isa = XCBuildConfiguration;
			buildSettings = {
				ALWAYS_SEARCH_USER_PATHS = NO;
				CLANG_CXX_LANGUAGE_STANDARD = "gnu++0x";
				CLANG_CXX_LIBRARY = "libc++";
				CLANG_ENABLE_MODULES = YES;
				CLANG_ENABLE_OBJC_ARC = YES;
				CLANG_WARN_BOOL_CONVERSION = YES;
				CLANG_WARN_CONSTANT_CONVERSION = YES;
				CLANG_WARN_DIRECT_OBJC_ISA_USAGE = YES_ERROR;
				CLANG_WARN_EMPTY_BODY = YES;
				CLANG_WARN_ENUM_CONVERSION = YES;
				CLANG_WARN_INT_CONVERSION = YES;
				CLANG_WARN_OBJC_ROOT_CLASS = YES_ERROR;
				CLANG_WARN_UNREACHABLE_CODE = YES;
				CLANG_WARN__DUPLICATE_METHOD_MATCH = YES;
				CODE_SIGN_IDENTITY = "-";
				COPY_PHASE_STRIP = NO;
				DEBUG_INFORMATION_FORMAT = "dwarf-with-dsym";
				ENABLE_NS_ASSERTIONS = NO;
				ENABLE_STRICT_OBJC_MSGSEND = YES;
				GCC_C_LANGUAGE_STANDARD = gnu99;
				GCC_NO_COMMON_BLOCKS = YES;
				GCC_WARN_64_TO_32_BIT_CONVERSION = YES;
				GCC_WARN_ABOUT_RETURN_TYPE = YES_ERROR;
				GCC_WARN_UNDECLARED_SELECTOR = YES;
				GCC_WARN_UNINITIALIZED_AUTOS = YES_AGGRESSIVE;
				GCC_WARN_UNUSED_FUNCTION = YES;
				GCC_WARN_UNUSED_VARIABLE = YES;
				MACOSX_DEPLOYMENT_TARGET = 10.11;
				MTL_ENABLE_DEBUG_INFO = NO;
				SDKROOT = macosx;
			};
			name = Release;
		};
		1AAAD5CF1C8EA4A4001FDD1C /* Debug */ = {
			isa = XCBuildConfiguration;
			buildSettings = {
				PRODUCT_NAME = "$(TARGET_NAME)";
			};
			name = Debug;
		};
		1AAAD5D01C8EA4A4001FDD1C /* Release */ = {
			isa = XCBuildConfiguration;
			buildSettings = {
				PRODUCT_NAME = "$(TARGET_NAME)";
			};
			name = Release;
		};
/* End XCBuildConfiguration section */

/* Begin XCConfigurationList section */
		1AAAD5C21C8EA4A4001FDD1C /* Build configuration list for PBXProject "Property Tax1" */ = {
			isa = XCConfigurationList;
			buildConfigurations = (
				1AAAD5CC1C8EA4A4001FDD1C /* Debug */,
				1AAAD5CD1C8EA4A4001FDD1C /* Release */,
			);
			defaultConfigurationIsVisible = 0;
			defaultConfigurationName = Release;
		};
		1AAAD5CE1C8EA4A4001FDD1C /* Build configuration list for PBXNativeTarget "Property Tax1" */ = {
			isa = XCConfigurationList;
			buildConfigurations = (
				1AAAD5CF1C8EA4A4001FDD1C /* Debug */,
				1AAAD5D01C8EA4A4001FDD1C /* Release */,
			);
			defaultConfigurationIsVisible = 0;
		};
/* End XCConfigurationList section */
	};
	rootObject = 1AAAD5BF1C8EA4A4001FDD1C /* Project object */;
}
